
Microsoft Visual Studio Solution File, Format Version 11.00
# Visual Studio 2010
Project("{FAE04EC0-301F-11D3-BF4B-00C04F79EFBC}") = "KataPokerHands", "KataPokerHands\KataPokerHands.csproj", "{886E9F8F-50D4-41D4-9FCE-5581B4604994}"
EndProject
Project("{FAE04EC0-301F-11D3-BF4B-00C04F79EFBC}") = "KataPokerHands.Test", "KataPokerHands.Test\KataPokerHands.Test.csproj", "{48550878-BA14-4069-96FE-A37B3587AA39}"
EndProject
Global
	GlobalSection(SolutionConfigurationPlatforms) = preSolution
		Debug|Any CPU = Debug|Any CPU
		Release|Any CPU = Release|Any CPU
	EndGlobalSection
	GlobalSection(ProjectConfigurationPlatforms) = postSolution
		{886E9F8F-50D4-41D4-9FCE-5581B4604994}.Debug|Any CPU.ActiveCfg = Debug|Any CPU
		{886E9F8F-50D4-41D4-9FCE-5581B4604994}.Debug|Any CPU.Build.0 = Debug|Any CPU
		{886E9F8F-50D4-41D4-9FCE-5581B4604994}.Release|Any CPU.ActiveCfg = Release|Any CPU
		{886E9F8F-50D4-41D4-9FCE-5581B4604994}.Release|Any CPU.Build.0 = Release|Any CPU
		{48550878-BA14-4069-96FE-A37B3587AA39}.Debug|Any CPU.ActiveCfg = Debug|Any CPU
		{48550878-BA14-4069-96FE-A37B3587AA39}.Debug|Any CPU.Build.0 = Debug|Any CPU
		{48550878-BA14-4069-96FE-A37B3587AA39}.Release|Any CPU.ActiveCfg = Release|Any CPU
		{48550878-BA14-4069-96FE-A37B3587AA39}.Release|Any CPU.Build.0 = Release|Any CPU
	EndGlobalSection
	GlobalSection(SolutionProperties) = preSolution
		HideSolutionNode = FALSE
	EndGlobalSection
EndGlobal
